<?xml version="1.0" encoding="utf-8"?>
<Project ToolsVersion="4.0" xmlns="http://schemas.microsoft.com/developer/msbuild/2003">
  <ItemGroup>
    <Filter Include="Quelldateien">
      <UniqueIdentifier>{4FC737F1-C7A5-4376-A066-2A32D752A2FF}</UniqueIdentifier>
      <Extensions>cpp;c;cc;cxx;def;odl;idl;hpj;bat;asm;asmx</Extensions>
    </Filter>
    <Filter Include="Headerdateien">
      <UniqueIdentifier>{93995380-89BD-4b04-88EB-625FBE52EBFB}</UniqueIdentifier>
      <Extensions>h;hpp;hxx;hm;inl;inc;xsd</Extensions>
    </Filter>
    <Filter Include="Ressourcendateien">
      <UniqueIdentifier>{67DA6AB6-F800-4c08-8B7A-83BB121AAD01}</UniqueIdentifier>
      <Extensions>rc;ico;cur;bmp;dlg;rc2;rct;bin;rgs;gif;jpg;jpeg;jpe;resx;tiff;tif;png;wav;mfcribbon-ms</Extensions>
    </Filter>
    <Filter Include="Headerdateien\hk550">
      <UniqueIdentifier>{49c93878-65e0-4bcd-bd87-e8307ae63810}</UniqueIdentifier>
    </Filter>
    <Filter Include="Quelldateien\Classes">
      <UniqueIdentifier>{b96566fa-c4ea-404e-973f-c9378822cd18}</UniqueIdentifier>
    </Filter>
  </ItemGroup>
  <ItemGroup>
    <ClInclude Include="stdafx.h">
      <Filter>Headerdateien</Filter>
    </ClInclude>
    <ClInclude Include="targetver.h">
      <Filter>Headerdateien</Filter>
    </ClInclude>
    <ClInclude Include="endianFlip.h">
      <Filter>Headerdateien</Filter>
    </ClInclude>
    <ClInclude Include="hkstructs_450.h">
      <Filter>Headerdateien</Filter>
    </ClInclude>
    <ClInclude Include="hkstructs_550.h">
      <Filter>Headerdateien</Filter>
    </ClInclude>
    <ClInclude Include="hkstructs_2010.2.0-r1.h">
      <Filter>Headerdateien</Filter>
    </ClInclude>
    <ClInclude Include="hkstructs_20150100.h">
      <Filter>Headerdateien</Filter>
    </ClInclude>
    <ClInclude Include="hkstructs_20160200.h">
      <Filter>Headerdateien</Filter>
    </ClInclude>
    <ClInclude Include="hkstructs_common.h">
      <Filter>Headerdateien</Filter>
    </ClInclude>
    <ClInclude Include="dhkClass.h">
      <Filter>Headerdateien</Filter>
    </ClInclude>
    <ClInclude Include="dhkClassMember.h">
      <Filter>Headerdateien</Filter>
    </ClInclude>
    <ClInclude Include="dhkClassParser.h">
      <Filter>Headerdateien</Filter>
    </ClInclude>
    <ClInclude Include="dhkPackfileReader.h">
      <Filter>Headerdateien</Filter>
    </ClInclude>
    <ClInclude Include="hk550\common.h">
      <Filter>Headerdateien\hk550</Filter>
    </ClInclude>
    <ClInclude Include="hk550\animation.h">
      <Filter>Headerdateien\hk550</Filter>
    </ClInclude>
    <ClInclude Include="dhkClassLibrary450.h">
      <Filter>Headerdateien</Filter>
    </ClInclude>
    <ClInclude Include="dhkClassLibrary550.h">
      <Filter>Headerdateien</Filter>
    </ClInclude>
    <ClInclude Include="dhkClassLibrary510.h">
      <Filter>Headerdateien</Filter>
    </ClInclude>
    <ClInclude Include="CustomMeshParameter.h">
      <Filter>Headerdateien</Filter>
    </ClInclude>
    <ClInclude Include="CustomParamStorageExtendedMeshShape.h">
      <Filter>Headerdateien</Filter>
    </ClInclude>
    <ClInclude Include="customDarkSoulsClasses.h">
      <Filter>Headerdateien</Filter>
    </ClInclude>
    <ClInclude Include="dhkClassLibrary410.h">
      <Filter>Headerdateien</Filter>
    </ClInclude>
  </ItemGroup>
  <ItemGroup>
    <ClCompile Include="CompressAnim.cpp">
      <Filter>Quelldateien</Filter>
    </ClCompile>
    <ClCompile Include="dhkClass.cpp">
      <Filter>Quelldateien</Filter>
    </ClCompile>
    <ClCompile Include="dhkClassMember.cpp">
      <Filter>Quelldateien</Filter>
    </ClCompile>
    <ClCompile Include="dhkClassParser.cpp">
      <Filter>Quelldateien</Filter>
    </ClCompile>
    <ClCompile Include="dhkPackfileReader.cpp">
      <Filter>Quelldateien</Filter>
    </ClCompile>
    <ClCompile Include="dhkClassLibrary450.cpp">
      <Filter>Quelldateien</Filter>
    </ClCompile>
    <ClCompile Include="dhkClassLibrary550.cpp">
      <Filter>Quelldateien</Filter>
    </ClCompile>
    <ClCompile Include="dhkClassLibrary510.cpp">
      <Filter>Quelldateien</Filter>
    </ClCompile>
    <ClCompile Include="CustomMeshParameter.cpp">
      <Filter>Quelldateien</Filter>
    </ClCompile>
    <ClCompile Include="CustomParamStorageExtendedMeshShape.cpp">
      <Filter>Quelldateien</Filter>
    </ClCompile>
    <ClCompile Include="Classes\customDarkSoulsReflections.cpp">
      <Filter>Quelldateien\Classes</Filter>
    </ClCompile>
    <ClCompile Include="dhkClassLibrary410.cpp">
      <Filter>Quelldateien</Filter>
    </ClCompile>
  </ItemGroup>
</Project>